// !$*UTF8*$!
{
	archiveVersion = 1;
	classes = {
	};
	objectVersion = 48;
	objects = {

/* Begin PBXBuildFile section */
		19E50A062039A1B700BE80AA /* NotificationManager.swift in Sources */ = {isa = PBXBuildFile; fileRef = 19E50A052039A1B700BE80AA /* NotificationManager.swift */; };
		4AE4401A0FE727B4CC94A79F /* Pods_RemindMeAt.framework in Frameworks */ = {isa = PBXBuildFile; fileRef = E38290176121108086710B0C /* Pods_RemindMeAt.framework */; };
		4B315D5F202B3395005AD091 /* RMATasksVC.swift in Sources */ = {isa = PBXBuildFile; fileRef = 4B315D5E202B3395005AD091 /* RMATasksVC.swift */; };
		4B315D61202B33AB005AD091 /* RMAMapVC.swift in Sources */ = {isa = PBXBuildFile; fileRef = 4B315D60202B33AB005AD091 /* RMAMapVC.swift */; };
		4B315D63202B33C3005AD091 /* RMACalendarVC.swift in Sources */ = {isa = PBXBuildFile; fileRef = 4B315D62202B33C3005AD091 /* RMACalendarVC.swift */; };
		4B315D65202B33D3005AD091 /* RMASettingsVC.swift in Sources */ = {isa = PBXBuildFile; fileRef = 4B315D64202B33D3005AD091 /* RMASettingsVC.swift */; };
		4BC9DB632039E5E800D86598 /* SetLocationDelegate.swift in Sources */ = {isa = PBXBuildFile; fileRef = 4BC9DB622039E5E800D86598 /* SetLocationDelegate.swift */; };
		63F2145B203AE218001CA31B /* Functionality.swift in Sources */ = {isa = PBXBuildFile; fileRef = 63F2145A203AE218001CA31B /* Functionality.swift */; };
		A36BA19F2032583B001B940F /* UIColorExtension.swift in Sources */ = {isa = PBXBuildFile; fileRef = A36BA19E2032583B001B940F /* UIColorExtension.swift */; };
		A3CB9B3A202DB2DC00127811 /* RMALocation.swift in Sources */ = {isa = PBXBuildFile; fileRef = A3CB9B39202DB2DC00127811 /* RMALocation.swift */; };
		A3CB9B3C202DB4E300127811 /* RMATag.swift in Sources */ = {isa = PBXBuildFile; fileRef = A3CB9B3B202DB4E300127811 /* RMATag.swift */; };
		A3CCE372202C9B12009D9354 /* RMARealmManager.swift in Sources */ = {isa = PBXBuildFile; fileRef = A3CCE371202C9B12009D9354 /* RMARealmManager.swift */; };
		A3D6661F202B055E003E29D8 /* AppDelegate.swift in Sources */ = {isa = PBXBuildFile; fileRef = A3D6661E202B055E003E29D8 /* AppDelegate.swift */; };
		A3D66626202B055E003E29D8 /* Assets.xcassets in Resources */ = {isa = PBXBuildFile; fileRef = A3D66625202B055E003E29D8 /* Assets.xcassets */; };
		A3D66629202B055E003E29D8 /* LaunchScreen.storyboard in Resources */ = {isa = PBXBuildFile; fileRef = A3D66627202B055E003E29D8 /* LaunchScreen.storyboard */; };
		A3D66631202B087C003E29D8 /* RMATask.swift in Sources */ = {isa = PBXBuildFile; fileRef = A3D66630202B087C003E29D8 /* RMATask.swift */; };
		D31F642720333F2D005F8D8C /* Main.storyboard in Resources */ = {isa = PBXBuildFile; fileRef = A3D66622202B055E003E29D8 /* Main.storyboard */; };
		D3A911602033449B00150693 /* NameTVCell.swift in Sources */ = {isa = PBXBuildFile; fileRef = D3A9115D2033449A00150693 /* NameTVCell.swift */; };
		D3A911612033449B00150693 /* ImageAndDescrTVCell.swift in Sources */ = {isa = PBXBuildFile; fileRef = D3A9115E2033449B00150693 /* ImageAndDescrTVCell.swift */; };
		D3A911622033449B00150693 /* DateOrLocationTVCell.swift in Sources */ = {isa = PBXBuildFile; fileRef = D3A9115F2033449B00150693 /* DateOrLocationTVCell.swift */; };
		D3A91167203344C600150693 /* TagsTVCell.swift in Sources */ = {isa = PBXBuildFile; fileRef = D3A91163203344C500150693 /* TagsTVCell.swift */; };
		D3A9116A203344C600150693 /* TagScreenTVCell.swift in Sources */ = {isa = PBXBuildFile; fileRef = D3A91166203344C600150693 /* TagScreenTVCell.swift */; };
		D3A9116B203344EE00150693 /* NewTaskViewController.swift in Sources */ = {isa = PBXBuildFile; fileRef = D3A91164203344C500150693 /* NewTaskViewController.swift */; };
/* End PBXBuildFile section */

/* Begin PBXFileReference section */
		0BF19FF328AB07B49A868DE4 /* Pods-RemindMeAt.debug.xcconfig */ = {isa = PBXFileReference; includeInIndex = 1; lastKnownFileType = text.xcconfig; name = "Pods-RemindMeAt.debug.xcconfig"; path = "Pods/Target Support Files/Pods-RemindMeAt/Pods-RemindMeAt.debug.xcconfig"; sourceTree = "<group>"; };
		19E50A052039A1B700BE80AA /* NotificationManager.swift */ = {isa = PBXFileReference; lastKnownFileType = sourcecode.swift; path = NotificationManager.swift; sourceTree = "<group>"; };
		4B315D5E202B3395005AD091 /* RMATasksVC.swift */ = {isa = PBXFileReference; lastKnownFileType = sourcecode.swift; path = RMATasksVC.swift; sourceTree = "<group>"; };
		4B315D60202B33AB005AD091 /* RMAMapVC.swift */ = {isa = PBXFileReference; lastKnownFileType = sourcecode.swift; path = RMAMapVC.swift; sourceTree = "<group>"; };
		4B315D62202B33C3005AD091 /* RMACalendarVC.swift */ = {isa = PBXFileReference; lastKnownFileType = sourcecode.swift; path = RMACalendarVC.swift; sourceTree = "<group>"; };
		4B315D64202B33D3005AD091 /* RMASettingsVC.swift */ = {isa = PBXFileReference; lastKnownFileType = sourcecode.swift; path = RMASettingsVC.swift; sourceTree = "<group>"; };
		4BC9DB622039E5E800D86598 /* SetLocationDelegate.swift */ = {isa = PBXFileReference; lastKnownFileType = sourcecode.swift; path = SetLocationDelegate.swift; sourceTree = "<group>"; };
		63F2145A203AE218001CA31B /* Functionality.swift */ = {isa = PBXFileReference; lastKnownFileType = sourcecode.swift; path = Functionality.swift; sourceTree = "<group>"; };
		A36BA19E2032583B001B940F /* UIColorExtension.swift */ = {isa = PBXFileReference; lastKnownFileType = sourcecode.swift; path = UIColorExtension.swift; sourceTree = "<group>"; };
		A3CB9B39202DB2DC00127811 /* RMALocation.swift */ = {isa = PBXFileReference; lastKnownFileType = sourcecode.swift; path = RMALocation.swift; sourceTree = "<group>"; };
		A3CB9B3B202DB4E300127811 /* RMATag.swift */ = {isa = PBXFileReference; lastKnownFileType = sourcecode.swift; path = RMATag.swift; sourceTree = "<group>"; };
		A3CCE371202C9B12009D9354 /* RMARealmManager.swift */ = {isa = PBXFileReference; lastKnownFileType = sourcecode.swift; path = RMARealmManager.swift; sourceTree = "<group>"; };
		A3D6661B202B055E003E29D8 /* RemindMeAt.app */ = {isa = PBXFileReference; explicitFileType = wrapper.application; includeInIndex = 0; path = RemindMeAt.app; sourceTree = BUILT_PRODUCTS_DIR; };
		A3D6661E202B055E003E29D8 /* AppDelegate.swift */ = {isa = PBXFileReference; lastKnownFileType = sourcecode.swift; path = AppDelegate.swift; sourceTree = "<group>"; };
		A3D66623202B055E003E29D8 /* Base */ = {isa = PBXFileReference; lastKnownFileType = file.storyboard; name = Base; path = Base.lproj/Main.storyboard; sourceTree = "<group>"; };
		A3D66625202B055E003E29D8 /* Assets.xcassets */ = {isa = PBXFileReference; lastKnownFileType = folder.assetcatalog; path = Assets.xcassets; sourceTree = "<group>"; };
		A3D66628202B055E003E29D8 /* Base */ = {isa = PBXFileReference; lastKnownFileType = file.storyboard; name = Base; path = Base.lproj/LaunchScreen.storyboard; sourceTree = "<group>"; };
		A3D6662A202B055E003E29D8 /* Info.plist */ = {isa = PBXFileReference; lastKnownFileType = text.plist.xml; path = Info.plist; sourceTree = "<group>"; };
		A3D66630202B087C003E29D8 /* RMATask.swift */ = {isa = PBXFileReference; lastKnownFileType = sourcecode.swift; path = RMATask.swift; sourceTree = "<group>"; };
		B5468DD6610EB97818B797F7 /* Pods-RemindMeAt.release.xcconfig */ = {isa = PBXFileReference; includeInIndex = 1; lastKnownFileType = text.xcconfig; name = "Pods-RemindMeAt.release.xcconfig"; path = "Pods/Target Support Files/Pods-RemindMeAt/Pods-RemindMeAt.release.xcconfig"; sourceTree = "<group>"; };
		D3A9115D2033449A00150693 /* NameTVCell.swift */ = {isa = PBXFileReference; lastKnownFileType = sourcecode.swift; path = NameTVCell.swift; sourceTree = "<group>"; };
		D3A9115E2033449B00150693 /* ImageAndDescrTVCell.swift */ = {isa = PBXFileReference; lastKnownFileType = sourcecode.swift; path = ImageAndDescrTVCell.swift; sourceTree = "<group>"; };
		D3A9115F2033449B00150693 /* DateOrLocationTVCell.swift */ = {isa = PBXFileReference; lastKnownFileType = sourcecode.swift; path = DateOrLocationTVCell.swift; sourceTree = "<group>"; };
		D3A91163203344C500150693 /* TagsTVCell.swift */ = {isa = PBXFileReference; lastKnownFileType = sourcecode.swift; path = TagsTVCell.swift; sourceTree = "<group>"; };
		D3A91164203344C500150693 /* NewTaskViewController.swift */ = {isa = PBXFileReference; lastKnownFileType = sourcecode.swift; path = NewTaskViewController.swift; sourceTree = "<group>"; };
		D3A91166203344C600150693 /* TagScreenTVCell.swift */ = {isa = PBXFileReference; lastKnownFileType = sourcecode.swift; path = TagScreenTVCell.swift; sourceTree = "<group>"; };
		E38290176121108086710B0C /* Pods_RemindMeAt.framework */ = {isa = PBXFileReference; explicitFileType = wrapper.framework; includeInIndex = 0; path = Pods_RemindMeAt.framework; sourceTree = BUILT_PRODUCTS_DIR; };
/* End PBXFileReference section */

/* Begin PBXFrameworksBuildPhase section */
		A3D66618202B055E003E29D8 /* Frameworks */ = {
			isa = PBXFrameworksBuildPhase;
			buildActionMask = 2147483647;
			files = (
				4AE4401A0FE727B4CC94A79F /* Pods_RemindMeAt.framework in Frameworks */,
			);
			runOnlyForDeploymentPostprocessing = 0;
		};
/* End PBXFrameworksBuildPhase section */

/* Begin PBXGroup section */
		19E50A042039A19600BE80AA /* Service */ = {
			isa = PBXGroup;
			children = (
				19E50A052039A1B700BE80AA /* NotificationManager.swift */,
			);
			path = Service;
			sourceTree = "<group>";
		};
		4B315D66202B350D005AD091 /* Views */ = {
			isa = PBXGroup;
			children = (
				A3D66622202B055E003E29D8 /* Main.storyboard */,
				A3D66627202B055E003E29D8 /* LaunchScreen.storyboard */,
			);
			path = Views;
			sourceTree = "<group>";
		};
		4B315D67202B3514005AD091 /* Controllers */ = {
			isa = PBXGroup;
			children = (
				4B315D5E202B3395005AD091 /* RMATasksVC.swift */,
				4B315D60202B33AB005AD091 /* RMAMapVC.swift */,
				4B315D62202B33C3005AD091 /* RMACalendarVC.swift */,
				4B315D64202B33D3005AD091 /* RMASettingsVC.swift */,
			);
			path = Controllers;
			sourceTree = "<group>";
		};
		4B315D68202B351D005AD091 /* Supportings Files */ = {
			isa = PBXGroup;
			children = (
				A3D6661E202B055E003E29D8 /* AppDelegate.swift */,
				A3D66625202B055E003E29D8 /* Assets.xcassets */,
			);
			path = "Supportings Files";
			sourceTree = "<group>";
		};
		5D2E2A52EE8D3EBE45786742 /* Pods */ = {
			isa = PBXGroup;
			children = (
				0BF19FF328AB07B49A868DE4 /* Pods-RemindMeAt.debug.xcconfig */,
				B5468DD6610EB97818B797F7 /* Pods-RemindMeAt.release.xcconfig */,
			);
			name = Pods;
			sourceTree = "<group>";
		};
		70A55D5C80FDF9C982CC9801 /* Frameworks */ = {
			isa = PBXGroup;
			children = (
				E38290176121108086710B0C /* Pods_RemindMeAt.framework */,
			);
			name = Frameworks;
			sourceTree = "<group>";
		};
		A3D66612202B055E003E29D8 = {
			isa = PBXGroup;
			children = (
				A3D6661D202B055E003E29D8 /* RemindMeAt */,
				A3D6661C202B055E003E29D8 /* Products */,
				5D2E2A52EE8D3EBE45786742 /* Pods */,
				70A55D5C80FDF9C982CC9801 /* Frameworks */,
			);
			sourceTree = "<group>";
		};
		A3D6661C202B055E003E29D8 /* Products */ = {
			isa = PBXGroup;
			children = (
				A3D6661B202B055E003E29D8 /* RemindMeAt.app */,
			);
			name = Products;
			sourceTree = "<group>";
		};
		A3D6661D202B055E003E29D8 /* RemindMeAt */ = {
			isa = PBXGroup;
			children = (
				D3A91164203344C500150693 /* NewTaskViewController.swift */,
				63F2145A203AE218001CA31B /* Functionality.swift */,
				D3A91166203344C600150693 /* TagScreenTVCell.swift */,
				D3A91163203344C500150693 /* TagsTVCell.swift */,
				D3A9115F2033449B00150693 /* DateOrLocationTVCell.swift */,
				D3A9115E2033449B00150693 /* ImageAndDescrTVCell.swift */,
				D3A9115D2033449A00150693 /* NameTVCell.swift */,
				4BC9DB622039E5E800D86598 /* SetLocationDelegate.swift */,
				A3D66632202B0883003E29D8 /* Model */,
				4B315D67202B3514005AD091 /* Controllers */,
				19E50A042039A19600BE80AA /* Service */,
				4B315D66202B350D005AD091 /* Views */,
				4B315D68202B351D005AD091 /* Supportings Files */,
				A3D6662A202B055E003E29D8 /* Info.plist */,
			);
			path = RemindMeAt;
			sourceTree = "<group>";
		};
		A3D66632202B0883003E29D8 /* Model */ = {
			isa = PBXGroup;
			children = (
				A3D66630202B087C003E29D8 /* RMATask.swift */,
				A3CB9B3B202DB4E300127811 /* RMATag.swift */,
				A3CB9B39202DB2DC00127811 /* RMALocation.swift */,
				A3CCE371202C9B12009D9354 /* RMARealmManager.swift */,
				A36BA19E2032583B001B940F /* UIColorExtension.swift */,
			);
			path = Model;
			sourceTree = "<group>";
		};
/* End PBXGroup section */

/* Begin PBXNativeTarget section */
		A3D6661A202B055E003E29D8 /* RemindMeAt */ = {
			isa = PBXNativeTarget;
			buildConfigurationList = A3D6662D202B055E003E29D8 /* Build configuration list for PBXNativeTarget "RemindMeAt" */;
			buildPhases = (
				DE023CB72A14D746AD3BBA43 /* [CP] Check Pods Manifest.lock */,
				A3D66617202B055E003E29D8 /* Sources */,
				A3D66618202B055E003E29D8 /* Frameworks */,
				A3D66619202B055E003E29D8 /* Resources */,
				8DD67CD996C7CBEEA545571E /* [CP] Embed Pods Frameworks */,
				79A06F7AA4E792131390B2C4 /* [CP] Copy Pods Resources */,
			);
			buildRules = (
			);
			dependencies = (
			);
			name = RemindMeAt;
			productName = RemindMeAt;
			productReference = A3D6661B202B055E003E29D8 /* RemindMeAt.app */;
			productType = "com.apple.product-type.application";
		};
/* End PBXNativeTarget section */

/* Begin PBXProject section */
		A3D66613202B055E003E29D8 /* Project object */ = {
			isa = PBXProject;
			attributes = {
				CLASSPREFIX = RMA;
				LastSwiftUpdateCheck = 0920;
				LastUpgradeCheck = 0920;
				ORGANIZATIONNAME = "SoftServe Academy";
				TargetAttributes = {
					A3D6661A202B055E003E29D8 = {
						CreatedOnToolsVersion = 9.2;
						ProvisioningStyle = Automatic;
						SystemCapabilities = {
							com.apple.InterAppAudio = {
								enabled = 0;
							};
						};
					};
				};
			};
			buildConfigurationList = A3D66616202B055E003E29D8 /* Build configuration list for PBXProject "RemindMeAt" */;
			compatibilityVersion = "Xcode 8.0";
			developmentRegion = en;
			hasScannedForEncodings = 0;
			knownRegions = (
				en,
				Base,
			);
			mainGroup = A3D66612202B055E003E29D8;
			productRefGroup = A3D6661C202B055E003E29D8 /* Products */;
			projectDirPath = "";
			projectRoot = "";
			targets = (
				A3D6661A202B055E003E29D8 /* RemindMeAt */,
			);
		};
/* End PBXProject section */

/* Begin PBXResourcesBuildPhase section */
		A3D66619202B055E003E29D8 /* Resources */ = {
			isa = PBXResourcesBuildPhase;
			buildActionMask = 2147483647;
			files = (
				A3D66629202B055E003E29D8 /* LaunchScreen.storyboard in Resources */,
				D31F642720333F2D005F8D8C /* Main.storyboard in Resources */,
				A3D66626202B055E003E29D8 /* Assets.xcassets in Resources */,
			);
			runOnlyForDeploymentPostprocessing = 0;
		};
/* End PBXResourcesBuildPhase section */

/* Begin PBXShellScriptBuildPhase section */
		79A06F7AA4E792131390B2C4 /* [CP] Copy Pods Resources */ = {
			isa = PBXShellScriptBuildPhase;
			buildActionMask = 2147483647;
			files = (
			);
			inputPaths = (
				"${SRCROOT}/Pods/Target Support Files/Pods-RemindMeAt/Pods-RemindMeAt-resources.sh",
				"${PODS_ROOT}/GoogleMaps/Maps/Frameworks/GoogleMaps.framework/Resources/GoogleMaps.bundle",
				"${PODS_ROOT}/GooglePlacePicker/Frameworks/GooglePlacePicker.framework/Resources/GooglePlacePicker.bundle",
				"${PODS_ROOT}/GooglePlaces/Frameworks/GooglePlaces.framework/Resources/GooglePlaces.bundle",
			);
			name = "[CP] Copy Pods Resources";
			outputPaths = (
				"${TARGET_BUILD_DIR}/${UNLOCALIZED_RESOURCES_FOLDER_PATH}/GoogleMaps.bundle",
				"${TARGET_BUILD_DIR}/${UNLOCALIZED_RESOURCES_FOLDER_PATH}/GooglePlacePicker.bundle",
				"${TARGET_BUILD_DIR}/${UNLOCALIZED_RESOURCES_FOLDER_PATH}/GooglePlaces.bundle",
			);
			runOnlyForDeploymentPostprocessing = 0;
			shellPath = /bin/sh;
			shellScript = "\"${SRCROOT}/Pods/Target Support Files/Pods-RemindMeAt/Pods-RemindMeAt-resources.sh\"\n";
			showEnvVarsInLog = 0;
		};
		8DD67CD996C7CBEEA545571E /* [CP] Embed Pods Frameworks */ = {
			isa = PBXShellScriptBuildPhase;
			buildActionMask = 2147483647;
			files = (
			);
			inputPaths = (
				"${SRCROOT}/Pods/Target Support Files/Pods-RemindMeAt/Pods-RemindMeAt-frameworks.sh",
				"${BUILT_PRODUCTS_DIR}/Realm/Realm.framework",
				"${BUILT_PRODUCTS_DIR}/RealmSwift/RealmSwift.framework",
			);
			name = "[CP] Embed Pods Frameworks";
			outputPaths = (
				"${TARGET_BUILD_DIR}/${FRAMEWORKS_FOLDER_PATH}/Realm.framework",
				"${TARGET_BUILD_DIR}/${FRAMEWORKS_FOLDER_PATH}/RealmSwift.framework",
			);
			runOnlyForDeploymentPostprocessing = 0;
			shellPath = /bin/sh;
			shellScript = "\"${SRCROOT}/Pods/Target Support Files/Pods-RemindMeAt/Pods-RemindMeAt-frameworks.sh\"\n";
			showEnvVarsInLog = 0;
		};
		DE023CB72A14D746AD3BBA43 /* [CP] Check Pods Manifest.lock */ = {
			isa = PBXShellScriptBuildPhase;
			buildActionMask = 2147483647;
			files = (
			);
			inputPaths = (
				"${PODS_PODFILE_DIR_PATH}/Podfile.lock",
				"${PODS_ROOT}/Manifest.lock",
			);
			name = "[CP] Check Pods Manifest.lock";
			outputPaths = (
				"$(DERIVED_FILE_DIR)/Pods-RemindMeAt-checkManifestLockResult.txt",
			);
			runOnlyForDeploymentPostprocessing = 0;
			shellPath = /bin/sh;
			shellScript = "diff \"${PODS_PODFILE_DIR_PATH}/Podfile.lock\" \"${PODS_ROOT}/Manifest.lock\" > /dev/null\nif [ $? != 0 ] ; then\n    # print error to STDERR\n    echo \"error: The sandbox is not in sync with the Podfile.lock. Run 'pod install' or update your CocoaPods installation.\" >&2\n    exit 1\nfi\n# This output is used by Xcode 'outputs' to avoid re-running this script phase.\necho \"SUCCESS\" > \"${SCRIPT_OUTPUT_FILE_0}\"\n";
			showEnvVarsInLog = 0;
		};
/* End PBXShellScriptBuildPhase section */

/* Begin PBXSourcesBuildPhase section */
		A3D66617202B055E003E29D8 /* Sources */ = {
			isa = PBXSourcesBuildPhase;
			buildActionMask = 2147483647;
			files = (
				A3D66631202B087C003E29D8 /* RMATask.swift in Sources */,
				A3CCE372202C9B12009D9354 /* RMARealmManager.swift in Sources */,
				D3A9116B203344EE00150693 /* NewTaskViewController.swift in Sources */,
				D3A911622033449B00150693 /* DateOrLocationTVCell.swift in Sources */,
				4B315D5F202B3395005AD091 /* RMATasksVC.swift in Sources */,
				4B315D63202B33C3005AD091 /* RMACalendarVC.swift in Sources */,
				4BC9DB632039E5E800D86598 /* SetLocationDelegate.swift in Sources */,
				A3CB9B3A202DB2DC00127811 /* RMALocation.swift in Sources */,
				D3A911602033449B00150693 /* NameTVCell.swift in Sources */,
				4B315D65202B33D3005AD091 /* RMASettingsVC.swift in Sources */,
				4B315D61202B33AB005AD091 /* RMAMapVC.swift in Sources */,
				A36BA19F2032583B001B940F /* UIColorExtension.swift in Sources */,
				19E50A062039A1B700BE80AA /* NotificationManager.swift in Sources */,
				D3A91167203344C600150693 /* TagsTVCell.swift in Sources */,
				A3D6661F202B055E003E29D8 /* AppDelegate.swift in Sources */,
				D3A911612033449B00150693 /* ImageAndDescrTVCell.swift in Sources */,
				D3A9116A203344C600150693 /* TagScreenTVCell.swift in Sources */,
				63F2145B203AE218001CA31B /* Functionality.swift in Sources */,
				A3CB9B3C202DB4E300127811 /* RMATag.swift in Sources */,
			);
			runOnlyForDeploymentPostprocessing = 0;
		};
/* End PBXSourcesBuildPhase section */

/* Begin PBXVariantGroup section */
		A3D66622202B055E003E29D8 /* Main.storyboard */ = {
			isa = PBXVariantGroup;
			children = (
				A3D66623202B055E003E29D8 /* Base */,
			);
			name = Main.storyboard;
			sourceTree = "<group>";
		};
		A3D66627202B055E003E29D8 /* LaunchScreen.storyboard */ = {
			isa = PBXVariantGroup;
			children = (
				A3D66628202B055E003E29D8 /* Base */,
			);
			name = LaunchScreen.storyboard;
			sourceTree = "<group>";
		};
/* End PBXVariantGroup section */

/* Begin XCBuildConfiguration section */
		A3D6662B202B055E003E29D8 /* Debug */ = {
			isa = XCBuildConfiguration;
			buildSettings = {
				ALWAYS_SEARCH_USER_PATHS = NO;
				CLANG_ANALYZER_NONNULL = YES;
				CLANG_ANALYZER_NUMBER_OBJECT_CONVERSION = YES_AGGRESSIVE;
				CLANG_CXX_LANGUAGE_STANDARD = "gnu++14";
				CLANG_CXX_LIBRARY = "libc++";
				CLANG_ENABLE_MODULES = YES;
				CLANG_ENABLE_OBJC_ARC = YES;
				CLANG_WARN_BLOCK_CAPTURE_AUTORELEASING = YES;
				CLANG_WARN_BOOL_CONVERSION = YES;
				CLANG_WARN_COMMA = YES;
				CLANG_WARN_CONSTANT_CONVERSION = YES;
				CLANG_WARN_DIRECT_OBJC_ISA_USAGE = YES_ERROR;
				CLANG_WARN_DOCUMENTATION_COMMENTS = YES;
				CLANG_WARN_EMPTY_BODY = YES;
				CLANG_WARN_ENUM_CONVERSION = YES;
				CLANG_WARN_INFINITE_RECURSION = YES;
				CLANG_WARN_INT_CONVERSION = YES;
				CLANG_WARN_NON_LITERAL_NULL_CONVERSION = YES;
				CLANG_WARN_OBJC_LITERAL_CONVERSION = YES;
				CLANG_WARN_OBJC_ROOT_CLASS = YES_ERROR;
				CLANG_WARN_RANGE_LOOP_ANALYSIS = YES;
				CLANG_WARN_STRICT_PROTOTYPES = YES;
				CLANG_WARN_SUSPICIOUS_MOVE = YES;
				CLANG_WARN_UNGUARDED_AVAILABILITY = YES_AGGRESSIVE;
				CLANG_WARN_UNREACHABLE_CODE = YES;
				CLANG_WARN__DUPLICATE_METHOD_MATCH = YES;
				CODE_SIGN_IDENTITY = "iPhone Developer";
				COPY_PHASE_STRIP = NO;
				DEBUG_INFORMATION_FORMAT = dwarf;
				ENABLE_STRICT_OBJC_MSGSEND = YES;
				ENABLE_TESTABILITY = YES;
				GCC_C_LANGUAGE_STANDARD = gnu11;
				GCC_DYNAMIC_NO_PIC = NO;
				GCC_NO_COMMON_BLOCKS = YES;
				GCC_OPTIMIZATION_LEVEL = 0;
				GCC_PREPROCESSOR_DEFINITIONS = (
					"DEBUG=1",
					"$(inherited)",
				);
				GCC_WARN_64_TO_32_BIT_CONVERSION = YES;
				GCC_WARN_ABOUT_RETURN_TYPE = YES_ERROR;
				GCC_WARN_UNDECLARED_SELECTOR = YES;
				GCC_WARN_UNINITIALIZED_AUTOS = YES_AGGRESSIVE;
				GCC_WARN_UNUSED_FUNCTION = YES;
				GCC_WARN_UNUSED_VARIABLE = YES;
				IPHONEOS_DEPLOYMENT_TARGET = 11.0;
				MTL_ENABLE_DEBUG_INFO = YES;
				ONLY_ACTIVE_ARCH = YES;
				SDKROOT = iphoneos;
				SWIFT_ACTIVE_COMPILATION_CONDITIONS = DEBUG;
				SWIFT_OPTIMIZATION_LEVEL = "-Onone";
			};
			name = Debug;
		};
		A3D6662C202B055E003E29D8 /* Release */ = {
			isa = XCBuildConfiguration;
			buildSettings = {
				ALWAYS_SEARCH_USER_PATHS = NO;
				CLANG_ANALYZER_NONNULL = YES;
				CLANG_ANALYZER_NUMBER_OBJECT_CONVERSION = YES_AGGRESSIVE;
				CLANG_CXX_LANGUAGE_STANDARD = "gnu++14";
				CLANG_CXX_LIBRARY = "libc++";
				CLANG_ENABLE_MODULES = YES;
				CLANG_ENABLE_OBJC_ARC = YES;
				CLANG_WARN_BLOCK_CAPTURE_AUTORELEASING = YES;
				CLANG_WARN_BOOL_CONVERSION = YES;
				CLANG_WARN_COMMA = YES;
				CLANG_WARN_CONSTANT_CONVERSION = YES;
				CLANG_WARN_DIRECT_OBJC_ISA_USAGE = YES_ERROR;
				CLANG_WARN_DOCUMENTATION_COMMENTS = YES;
				CLANG_WARN_EMPTY_BODY = YES;
				CLANG_WARN_ENUM_CONVERSION = YES;
				CLANG_WARN_INFINITE_RECURSION = YES;
				CLANG_WARN_INT_CONVERSION = YES;
				CLANG_WARN_NON_LITERAL_NULL_CONVERSION = YES;
				CLANG_WARN_OBJC_LITERAL_CONVERSION = YES;
				CLANG_WARN_OBJC_ROOT_CLASS = YES_ERROR;
				CLANG_WARN_RANGE_LOOP_ANALYSIS = YES;
				CLANG_WARN_STRICT_PROTOTYPES = YES;
				CLANG_WARN_SUSPICIOUS_MOVE = YES;
				CLANG_WARN_UNGUARDED_AVAILABILITY = YES_AGGRESSIVE;
				CLANG_WARN_UNREACHABLE_CODE = YES;
				CLANG_WARN__DUPLICATE_METHOD_MATCH = YES;
				CODE_SIGN_IDENTITY = "iPhone Developer";
				COPY_PHASE_STRIP = NO;
				DEBUG_INFORMATION_FORMAT = "dwarf-with-dsym";
				ENABLE_NS_ASSERTIONS = NO;
				ENABLE_STRICT_OBJC_MSGSEND = YES;
				GCC_C_LANGUAGE_STANDARD = gnu11;
				GCC_NO_COMMON_BLOCKS = YES;
				GCC_WARN_64_TO_32_BIT_CONVERSION = YES;
				GCC_WARN_ABOUT_RETURN_TYPE = YES_ERROR;
				GCC_WARN_UNDECLARED_SELECTOR = YES;
				GCC_WARN_UNINITIALIZED_AUTOS = YES_AGGRESSIVE;
				GCC_WARN_UNUSED_FUNCTION = YES;
				GCC_WARN_UNUSED_VARIABLE = YES;
				IPHONEOS_DEPLOYMENT_TARGET = 11.0;
				MTL_ENABLE_DEBUG_INFO = NO;
				SDKROOT = iphoneos;
				SWIFT_OPTIMIZATION_LEVEL = "-Owholemodule";
				VALIDATE_PRODUCT = YES;
			};
			name = Release;
		};
		A3D6662E202B055E003E29D8 /* Debug */ = {
			isa = XCBuildConfiguration;
			baseConfigurationReference = 0BF19FF328AB07B49A868DE4 /* Pods-RemindMeAt.debug.xcconfig */;
			buildSettings = {
				ASSETCATALOG_COMPILER_APPICON_NAME = AppIcon;
				CODE_SIGN_STYLE = Automatic;
				DEVELOPMENT_TEAM = LDWUKS5K42;
				INFOPLIST_FILE = RemindMeAt/Info.plist;
				LD_RUNPATH_SEARCH_PATHS = "$(inherited) @executable_path/Frameworks";
				PRODUCT_BUNDLE_IDENTIFIER = shvedd.academy.softserve.RemindMeAt;
				PRODUCT_NAME = "$(TARGET_NAME)";
				SWIFT_VERSION = 4.0;
				TARGETED_DEVICE_FAMILY = "1,2";
			};
			name = Debug;
		};
		A3D6662F202B055E003E29D8 /* Release */ = {
			isa = XCBuildConfiguration;
			baseConfigurationReference = B5468DD6610EB97818B797F7 /* Pods-RemindMeAt.release.xcconfig */;
			buildSettings = {
				ASSETCATALOG_COMPILER_APPICON_NAME = AppIcon;
				CODE_SIGN_STYLE = Automatic;
				DEVELOPMENT_TEAM = LDWUKS5K42;
				INFOPLIST_FILE = RemindMeAt/Info.plist;
				LD_RUNPATH_SEARCH_PATHS = "$(inherited) @executable_path/Frameworks";
				PRODUCT_BUNDLE_IDENTIFIER = shvedd.academy.softserve.RemindMeAt;
				PRODUCT_NAME = "$(TARGET_NAME)";
				SWIFT_VERSION = 4.0;
				TARGETED_DEVICE_FAMILY = "1,2";
			};
			name = Release;
		};
/* End XCBuildConfiguration section */

/* Begin XCConfigurationList section */
		A3D66616202B055E003E29D8 /* Build configuration list for PBXProject "RemindMeAt" */ = {
			isa = XCConfigurationList;
			buildConfigurations = (
				A3D6662B202B055E003E29D8 /* Debug */,
				A3D6662C202B055E003E29D8 /* Release */,
			);
			defaultConfigurationIsVisible = 0;
			defaultConfigurationName = Release;
		};
		A3D6662D202B055E003E29D8 /* Build configuration list for PBXNativeTarget "RemindMeAt" */ = {
			isa = XCConfigurationList;
			buildConfigurations = (
				A3D6662E202B055E003E29D8 /* Debug */,
				A3D6662F202B055E003E29D8 /* Release */,
			);
			defaultConfigurationIsVisible = 0;
			defaultConfigurationName = Release;
		};
/* End XCConfigurationList section */
	};
	rootObject = A3D66613202B055E003E29D8 /* Project object */;
}
